
Microsoft Visual Studio Solution File, Format Version 12.00
# Visual Studio Version 17
VisualStudioVersion = 17.14.36414.22 d17.14
MinimumVisualStudioVersion = 10.0.40219.1
Project("{FAE04EC0-301F-11D3-BF4B-00C04F79EFBC}") = "CLINICA CAI", "CLINICA CAI\CLINICA CAI.csproj", "{0B8E3B5A-603F-4109-9023-D263DB19F628}"
EndProject
Global
	GlobalSection(SolutionConfigurationPlatforms) = preSolution
		Debug|Any CPU = Debug|Any CPU
		Release|Any CPU = Release|Any CPU
	EndGlobalSection
	GlobalSection(ProjectConfigurationPlatforms) = postSolution
		{0B8E3B5A-603F-4109-9023-D263DB19F628}.Debug|Any CPU.ActiveCfg = Debug|Any CPU
		{0B8E3B5A-603F-4109-9023-D263DB19F628}.Debug|Any CPU.Build.0 = Debug|Any CPU
		{0B8E3B5A-603F-4109-9023-D263DB19F628}.Release|Any CPU.ActiveCfg = Release|Any CPU
		{0B8E3B5A-603F-4109-9023-D263DB19F628}.Release|Any CPU.Build.0 = Release|Any CPU
	EndGlobalSection
	GlobalSection(SolutionProperties) = preSolution
		HideSolutionNode = FALSE
	EndGlobalSection
	GlobalSection(ExtensibilityGlobals) = postSolution
		SolutionGuid = {4372F864-A061-4B64-B29A-4552D32227EB}
	EndGlobalSection
EndGlobal
